
Microsoft Visual Studio Solution File, Format Version 12.00
# Visual Studio Version 17
VisualStudioVersion = 17.2.32526.322
MinimumVisualStudioVersion = 10.0.40219.1
Project("{FAE04EC0-301F-11D3-BF4B-00C04F79EFBC}") = "CompromisoAlternativo", "CompromisoAlternativo\CompromisoAlternativo.csproj", "{BA10A722-2E01-4F8D-AFD1-07A3E6CB4073}"
EndProject
Global
	GlobalSection(SolutionConfigurationPlatforms) = preSolution
		Debug|Any CPU = Debug|Any CPU
		Release|Any CPU = Release|Any CPU
	EndGlobalSection
	GlobalSection(ProjectConfigurationPlatforms) = postSolution
		{BA10A722-2E01-4F8D-AFD1-07A3E6CB4073}.Debug|Any CPU.ActiveCfg = Debug|Any CPU
		{BA10A722-2E01-4F8D-AFD1-07A3E6CB4073}.Debug|Any CPU.Build.0 = Debug|Any CPU
		{BA10A722-2E01-4F8D-AFD1-07A3E6CB4073}.Release|Any CPU.ActiveCfg = Release|Any CPU
		{BA10A722-2E01-4F8D-AFD1-07A3E6CB4073}.Release|Any CPU.Build.0 = Release|Any CPU
	EndGlobalSection
	GlobalSection(SolutionProperties) = preSolution
		HideSolutionNode = FALSE
	EndGlobalSection
	GlobalSection(ExtensibilityGlobals) = postSolution
		SolutionGuid = {350C6038-609A-497E-A5EC-7E89DE7CA2A5}
	EndGlobalSection
EndGlobal
